Microsoft Visual Studio Solution File, Format Version 12.00
# Visual Studio Version 17
VisualStudioVersion = 17.5.2.0
MinimumVisualStudioVersion = 10.0.40219.1
Project("{FAE04EC0-301F-11D3-BF4B-00C04F79EFBC}") = "WindowsGameLauncher", "WindowsGameLauncher\WindowsGameLauncher.csproj", "{B5DDFFC3-BE5F-AA15-7F7D-3CF1E8A0999D}"
EndProject
Global
	GlobalSection(SolutionConfigurationPlatforms) = preSolution
		Debug|Any CPU = Debug|Any CPU
		Release|Any CPU = Release|Any CPU
	EndGlobalSection
	GlobalSection(ProjectConfigurationPlatforms) = postSolution
		{B5DDFFC3-BE5F-AA15-7F7D-3CF1E8A0999D}.Debug|Any CPU.ActiveCfg = Debug|Any CPU
		{B5DDFFC3-BE5F-AA15-7F7D-3CF1E8A0999D}.Debug|Any CPU.Build.0 = Debug|Any CPU
		{B5DDFFC3-BE5F-AA15-7F7D-3CF1E8A0999D}.Release|Any CPU.ActiveCfg = Release|Any CPU
		{B5DDFFC3-BE5F-AA15-7F7D-3CF1E8A0999D}.Release|Any CPU.Build.0 = Release|Any CPU
	EndGlobalSection
	GlobalSection(SolutionProperties) = preSolution
		HideSolutionNode = FALSE
	EndGlobalSection
	GlobalSection(ExtensibilityGlobals) = postSolution
		SolutionGuid = {8F1A1602-9557-4D64-BA8F-36F0C48B5526}
	EndGlobalSection
EndGlobal
